
Microsoft Visual Studio Solution File, Format Version 12.00
# Visual Studio Version 16
VisualStudioVersion = 16.0.30413.136
MinimumVisualStudioVersion = 10.0.40219.1
Project("{FAE04EC0-301F-11D3-BF4B-00C04F79EFBC}") = "MvcMovies", "MvcMovies\MvcMovies.csproj", "{B69CA0C6-9BF6-4892-8903-1033FB40B81F}"
EndProject
Global
	GlobalSection(SolutionConfigurationPlatforms) = preSolution
		Debug|Any CPU = Debug|Any CPU
		Release|Any CPU = Release|Any CPU
	EndGlobalSection
	GlobalSection(ProjectConfigurationPlatforms) = postSolution
		{B69CA0C6-9BF6-4892-8903-1033FB40B81F}.Debug|Any CPU.ActiveCfg = Debug|Any CPU
		{B69CA0C6-9BF6-4892-8903-1033FB40B81F}.Debug|Any CPU.Build.0 = Debug|Any CPU
		{B69CA0C6-9BF6-4892-8903-1033FB40B81F}.Release|Any CPU.ActiveCfg = Release|Any CPU
		{B69CA0C6-9BF6-4892-8903-1033FB40B81F}.Release|Any CPU.Build.0 = Release|Any CPU
	EndGlobalSection
	GlobalSection(SolutionProperties) = preSolution
		HideSolutionNode = FALSE
	EndGlobalSection
	GlobalSection(ExtensibilityGlobals) = postSolution
		SolutionGuid = {2092677F-EC64-4A43-A193-45145FE39439}
	EndGlobalSection
EndGlobal
